
Microsoft Visual Studio Solution File, Format Version 12.00
# Visual Studio Version 16
VisualStudioVersion = 16.0.29209.62
MinimumVisualStudioVersion = 10.0.40219.1
Project("{FAE04EC0-301F-11D3-BF4B-00C04F79EFBC}") = "ProjEmpresa", "ProjEmpresa\ProjEmpresa.csproj", "{D448EBBA-2B06-4C33-AE51-48FBB43734B9}"
EndProject
Project("{FAE04EC0-301F-11D3-BF4B-00C04F79EFBC}") = "AcessoDados", "AcessoDados\AcessoDados.csproj", "{69020C70-745F-4651-963B-75B5A060BE60}"
EndProject
Project("{FAE04EC0-301F-11D3-BF4B-00C04F79EFBC}") = "Entidade", "Entidade\Entidade.csproj", "{B77D483A-E90D-4688-A377-6288004430BE}"
EndProject
Project("{FAE04EC0-301F-11D3-BF4B-00C04F79EFBC}") = "Negocio", "Negocio\Negocio.csproj", "{2DDACD05-7E72-4CE2-A1CA-6D55CEFD048A}"
EndProject
Project("{FAE04EC0-301F-11D3-BF4B-00C04F79EFBC}") = "ServicoHostWCF", "ServicoHostWCF\ServicoHostWCF.csproj", "{A3242483-F415-4551-9011-56889EFFD33A}"
EndProject
Global
	GlobalSection(SolutionConfigurationPlatforms) = preSolution
		Debug|Any CPU = Debug|Any CPU
		Release|Any CPU = Release|Any CPU
	EndGlobalSection
	GlobalSection(ProjectConfigurationPlatforms) = postSolution
		{D448EBBA-2B06-4C33-AE51-48FBB43734B9}.Debug|Any CPU.ActiveCfg = Debug|Any CPU
		{D448EBBA-2B06-4C33-AE51-48FBB43734B9}.Debug|Any CPU.Build.0 = Debug|Any CPU
		{D448EBBA-2B06-4C33-AE51-48FBB43734B9}.Release|Any CPU.ActiveCfg = Release|Any CPU
		{D448EBBA-2B06-4C33-AE51-48FBB43734B9}.Release|Any CPU.Build.0 = Release|Any CPU
		{69020C70-745F-4651-963B-75B5A060BE60}.Debug|Any CPU.ActiveCfg = Debug|Any CPU
		{69020C70-745F-4651-963B-75B5A060BE60}.Debug|Any CPU.Build.0 = Debug|Any CPU
		{69020C70-745F-4651-963B-75B5A060BE60}.Release|Any CPU.ActiveCfg = Release|Any CPU
		{69020C70-745F-4651-963B-75B5A060BE60}.Release|Any CPU.Build.0 = Release|Any CPU
		{B77D483A-E90D-4688-A377-6288004430BE}.Debug|Any CPU.ActiveCfg = Debug|Any CPU
		{B77D483A-E90D-4688-A377-6288004430BE}.Debug|Any CPU.Build.0 = Debug|Any CPU
		{B77D483A-E90D-4688-A377-6288004430BE}.Release|Any CPU.ActiveCfg = Release|Any CPU
		{B77D483A-E90D-4688-A377-6288004430BE}.Release|Any CPU.Build.0 = Release|Any CPU
		{2DDACD05-7E72-4CE2-A1CA-6D55CEFD048A}.Debug|Any CPU.ActiveCfg = Debug|Any CPU
		{2DDACD05-7E72-4CE2-A1CA-6D55CEFD048A}.Debug|Any CPU.Build.0 = Debug|Any CPU
		{2DDACD05-7E72-4CE2-A1CA-6D55CEFD048A}.Release|Any CPU.ActiveCfg = Release|Any CPU
		{2DDACD05-7E72-4CE2-A1CA-6D55CEFD048A}.Release|Any CPU.Build.0 = Release|Any CPU
		{A3242483-F415-4551-9011-56889EFFD33A}.Debug|Any CPU.ActiveCfg = Debug|Any CPU
		{A3242483-F415-4551-9011-56889EFFD33A}.Debug|Any CPU.Build.0 = Debug|Any CPU
		{A3242483-F415-4551-9011-56889EFFD33A}.Release|Any CPU.ActiveCfg = Release|Any CPU
		{A3242483-F415-4551-9011-56889EFFD33A}.Release|Any CPU.Build.0 = Release|Any CPU
	EndGlobalSection
	GlobalSection(SolutionProperties) = preSolution
		HideSolutionNode = FALSE
	EndGlobalSection
	GlobalSection(ExtensibilityGlobals) = postSolution
		SolutionGuid = {6B19B64E-BBD0-4025-B33A-88A4617763E8}
	EndGlobalSection
EndGlobal
